// !$*UTF8*$!
{
	archiveVersion = 1;
	classes = {
	};
	objectVersion = 46;
	objects = {

/* Begin PBXBuildFile section */
		EA36CB031E5D27E400216E5B /* Main.storyboard in Resources */ = {isa = PBXBuildFile; fileRef = EA36CB011E5D27E400216E5B /* Main.storyboard */; };
		EA36CB051E5D27E400216E5B /* Assets.xcassets in Resources */ = {isa = PBXBuildFile; fileRef = EA36CB041E5D27E400216E5B /* Assets.xcassets */; };
		EA36CB081E5D27E400216E5B /* LaunchScreen.storyboard in Resources */ = {isa = PBXBuildFile; fileRef = EA36CB061E5D27E400216E5B /* LaunchScreen.storyboard */; };
		EA36CB191E5D28C100216E5B /* AppDelegate.m in Sources */ = {isa = PBXBuildFile; fileRef = EA36CB141E5D28C100216E5B /* AppDelegate.m */; };
		EA36CB1B1E5D28C100216E5B /* main.m in Sources */ = {isa = PBXBuildFile; fileRef = EA36CB161E5D28C100216E5B /* main.m */; };
		EA36CB1D1E5D294A00216E5B /* Info.plist in Resources */ = {isa = PBXBuildFile; fileRef = EA36CB1C1E5D294A00216E5B /* Info.plist */; };
		EA36CB661E5D2C9500216E5B /* MJExtensionConst.m in Sources */ = {isa = PBXBuildFile; fileRef = EA36CB351E5D2C9500216E5B /* MJExtensionConst.m */; };
		EA36CB671E5D2C9500216E5B /* MJFoundation.m in Sources */ = {isa = PBXBuildFile; fileRef = EA36CB371E5D2C9500216E5B /* MJFoundation.m */; };
		EA36CB681E5D2C9500216E5B /* MJProperty.m in Sources */ = {isa = PBXBuildFile; fileRef = EA36CB391E5D2C9500216E5B /* MJProperty.m */; };
		EA36CB691E5D2C9500216E5B /* MJPropertyKey.m in Sources */ = {isa = PBXBuildFile; fileRef = EA36CB3B1E5D2C9500216E5B /* MJPropertyKey.m */; };
		EA36CB6A1E5D2C9500216E5B /* MJPropertyType.m in Sources */ = {isa = PBXBuildFile; fileRef = EA36CB3D1E5D2C9500216E5B /* MJPropertyType.m */; };
		EA36CB6B1E5D2C9500216E5B /* NSObject+MJClass.m in Sources */ = {isa = PBXBuildFile; fileRef = EA36CB3F1E5D2C9500216E5B /* NSObject+MJClass.m */; };
		EA36CB6C1E5D2C9500216E5B /* NSObject+MJCoding.m in Sources */ = {isa = PBXBuildFile; fileRef = EA36CB411E5D2C9500216E5B /* NSObject+MJCoding.m */; };
		EA36CB6D1E5D2C9500216E5B /* NSObject+MJKeyValue.m in Sources */ = {isa = PBXBuildFile; fileRef = EA36CB431E5D2C9500216E5B /* NSObject+MJKeyValue.m */; };
		EA36CB6E1E5D2C9500216E5B /* NSObject+MJProperty.m in Sources */ = {isa = PBXBuildFile; fileRef = EA36CB451E5D2C9500216E5B /* NSObject+MJProperty.m */; };
		EA36CB6F1E5D2C9500216E5B /* NSString+MJExtension.m in Sources */ = {isa = PBXBuildFile; fileRef = EA36CB471E5D2C9500216E5B /* NSString+MJExtension.m */; };
		EA36CB701E5D2C9500216E5B /* NSData+ImageContentType.m in Sources */ = {isa = PBXBuildFile; fileRef = EA36CB4A1E5D2C9500216E5B /* NSData+ImageContentType.m */; };
		EA36CB711E5D2C9500216E5B /* SDImageCache.m in Sources */ = {isa = PBXBuildFile; fileRef = EA36CB4C1E5D2C9500216E5B /* SDImageCache.m */; };
		EA36CB721E5D2C9500216E5B /* SDWebImageCompat.m in Sources */ = {isa = PBXBuildFile; fileRef = EA36CB4E1E5D2C9500216E5B /* SDWebImageCompat.m */; };
		EA36CB731E5D2C9500216E5B /* SDWebImageDecoder.m in Sources */ = {isa = PBXBuildFile; fileRef = EA36CB501E5D2C9500216E5B /* SDWebImageDecoder.m */; };
		EA36CB741E5D2C9500216E5B /* SDWebImageDownloader.m in Sources */ = {isa = PBXBuildFile; fileRef = EA36CB521E5D2C9500216E5B /* SDWebImageDownloader.m */; };
		EA36CB751E5D2C9500216E5B /* SDWebImageDownloaderOperation.m in Sources */ = {isa = PBXBuildFile; fileRef = EA36CB541E5D2C9500216E5B /* SDWebImageDownloaderOperation.m */; };
		EA36CB761E5D2C9500216E5B /* SDWebImageManager.m in Sources */ = {isa = PBXBuildFile; fileRef = EA36CB561E5D2C9500216E5B /* SDWebImageManager.m */; };
		EA36CB771E5D2C9500216E5B /* SDWebImagePrefetcher.m in Sources */ = {isa = PBXBuildFile; fileRef = EA36CB591E5D2C9500216E5B /* SDWebImagePrefetcher.m */; };
		EA36CB781E5D2C9500216E5B /* UIButton+WebCache.m in Sources */ = {isa = PBXBuildFile; fileRef = EA36CB5B1E5D2C9500216E5B /* UIButton+WebCache.m */; };
		EA36CB791E5D2C9500216E5B /* UIImage+GIF.m in Sources */ = {isa = PBXBuildFile; fileRef = EA36CB5D1E5D2C9500216E5B /* UIImage+GIF.m */; };
		EA36CB7A1E5D2C9500216E5B /* UIImage+MultiFormat.m in Sources */ = {isa = PBXBuildFile; fileRef = EA36CB5F1E5D2C9500216E5B /* UIImage+MultiFormat.m */; };
		EA36CB7B1E5D2C9500216E5B /* UIImageView+HighlightedWebCache.m in Sources */ = {isa = PBXBuildFile; fileRef = EA36CB611E5D2C9500216E5B /* UIImageView+HighlightedWebCache.m */; };
		EA36CB7C1E5D2C9500216E5B /* UIImageView+WebCache.m in Sources */ = {isa = PBXBuildFile; fileRef = EA36CB631E5D2C9500216E5B /* UIImageView+WebCache.m */; };
		EA36CB7D1E5D2C9500216E5B /* UIView+WebCacheOperation.m in Sources */ = {isa = PBXBuildFile; fileRef = EA36CB651E5D2C9500216E5B /* UIView+WebCacheOperation.m */; };
		EA36CB801E5D2E3200216E5B /* ViewController.m in Sources */ = {isa = PBXBuildFile; fileRef = EA36CB7F1E5D2E3200216E5B /* ViewController.m */; };
		EA36CB871E5D36CD00216E5B /* YSDota in Resources */ = {isa = PBXBuildFile; fileRef = EA36CB861E5D36CD00216E5B /* YSDota */; };
		EA36CBF11E7256E400216E5B /* MKGoodsModel.m in Sources */ = {isa = PBXBuildFile; fileRef = EA36CBEE1E7256E400216E5B /* MKGoodsModel.m */; };
		EA36CBF21E7256E400216E5B /* MKOrderListModel.m in Sources */ = {isa = PBXBuildFile; fileRef = EA36CBF01E7256E400216E5B /* MKOrderListModel.m */; };
		EA36CBF51E72571000216E5B /* MKShopCarController.m in Sources */ = {isa = PBXBuildFile; fileRef = EA36CBF41E72571000216E5B /* MKShopCarController.m */; };
		EA36CBFB1E72571C00216E5B /* MKHeaderFooterView.m in Sources */ = {isa = PBXBuildFile; fileRef = EA36CBF71E72571C00216E5B /* MKHeaderFooterView.m */; };
		EA36CBFC1E72571C00216E5B /* MKShopCarCell.m in Sources */ = {isa = PBXBuildFile; fileRef = EA36CBF91E72571C00216E5B /* MKShopCarCell.m */; };
		EA36CBFD1E72571C00216E5B /* MKShopCarCell.xib in Resources */ = {isa = PBXBuildFile; fileRef = EA36CBFA1E72571C00216E5B /* MKShopCarCell.xib */; };
		EA36CC231E725AD000216E5B /* IQNSArray+Sort.m in Sources */ = {isa = PBXBuildFile; fileRef = EA36CC011E725AD000216E5B /* IQNSArray+Sort.m */; };
		EA36CC241E725AD000216E5B /* IQUIScrollView+Additions.m in Sources */ = {isa = PBXBuildFile; fileRef = EA36CC031E725AD000216E5B /* IQUIScrollView+Additions.m */; };
		EA36CC251E725AD000216E5B /* IQUITextFieldView+Additions.m in Sources */ = {isa = PBXBuildFile; fileRef = EA36CC051E725AD000216E5B /* IQUITextFieldView+Additions.m */; };
		EA36CC261E725AD000216E5B /* IQUIView+Hierarchy.m in Sources */ = {isa = PBXBuildFile; fileRef = EA36CC071E725AD000216E5B /* IQUIView+Hierarchy.m */; };
		EA36CC271E725AD000216E5B /* IQUIViewController+Additions.m in Sources */ = {isa = PBXBuildFile; fileRef = EA36CC091E725AD000216E5B /* IQUIViewController+Additions.m */; };
		EA36CC281E725AD000216E5B /* IQUIWindow+Hierarchy.m in Sources */ = {isa = PBXBuildFile; fileRef = EA36CC0B1E725AD000216E5B /* IQUIWindow+Hierarchy.m */; };
		EA36CC291E725AD000216E5B /* IQKeyboardManager.m in Sources */ = {isa = PBXBuildFile; fileRef = EA36CC101E725AD000216E5B /* IQKeyboardManager.m */; };
		EA36CC2A1E725AD000216E5B /* IQKeyboardReturnKeyHandler.m in Sources */ = {isa = PBXBuildFile; fileRef = EA36CC121E725AD000216E5B /* IQKeyboardReturnKeyHandler.m */; };
		EA36CC2B1E725AD000216E5B /* IQTextView.m in Sources */ = {isa = PBXBuildFile; fileRef = EA36CC151E725AD000216E5B /* IQTextView.m */; };
		EA36CC2C1E725AD000216E5B /* IQBarButtonItem.m in Sources */ = {isa = PBXBuildFile; fileRef = EA36CC181E725AD000216E5B /* IQBarButtonItem.m */; };
		EA36CC2D1E725AD000216E5B /* IQPreviousNextView.m in Sources */ = {isa = PBXBuildFile; fileRef = EA36CC1A1E725AD000216E5B /* IQPreviousNextView.m */; };
		EA36CC2E1E725AD000216E5B /* IQTitleBarButtonItem.m in Sources */ = {isa = PBXBuildFile; fileRef = EA36CC1C1E725AD000216E5B /* IQTitleBarButtonItem.m */; };
		EA36CC2F1E725AD000216E5B /* IQToolbar.m in Sources */ = {isa = PBXBuildFile; fileRef = EA36CC1E1E725AD000216E5B /* IQToolbar.m */; };
		EA36CC301E725AD000216E5B /* IQUIView+IQKeyboardToolbar.m in Sources */ = {isa = PBXBuildFile; fileRef = EA36CC201E725AD000216E5B /* IQUIView+IQKeyboardToolbar.m */; };
		EA36CC311E725AD000216E5B /* IQKeyboardManager.bundle in Resources */ = {isa = PBXBuildFile; fileRef = EA36CC221E725AD000216E5B /* IQKeyboardManager.bundle */; };
/* End PBXBuildFile section */

/* Begin PBXFileReference section */
		EA36CAF51E5D27E400216E5B /* YSShoppingCar.app */ = {isa = PBXFileReference; explicitFileType = wrapper.application; includeInIndex = 0; path = YSShoppingCar.app; sourceTree = BUILT_PRODUCTS_DIR; };
		EA36CB021E5D27E400216E5B /* Base */ = {isa = PBXFileReference; lastKnownFileType = file.storyboard; name = Base; path = Base.lproj/Main.storyboard; sourceTree = "<group>"; };
		EA36CB041E5D27E400216E5B /* Assets.xcassets */ = {isa = PBXFileReference; lastKnownFileType = folder.assetcatalog; path = Assets.xcassets; sourceTree = "<group>"; };
		EA36CB071E5D27E400216E5B /* Base */ = {isa = PBXFileReference; lastKnownFileType = file.storyboard; name = Base; path = Base.lproj/LaunchScreen.storyboard; sourceTree = "<group>"; };
		EA36CB131E5D28C100216E5B /* AppDelegate.h */ = {isa = PBXFileReference; fileEncoding = 4; lastKnownFileType = sourcecode.c.h; path = AppDelegate.h; sourceTree = "<group>"; };
		EA36CB141E5D28C100216E5B /* AppDelegate.m */ = {isa = PBXFileReference; fileEncoding = 4; lastKnownFileType = sourcecode.c.objc; path = AppDelegate.m; sourceTree = "<group>"; };
		EA36CB161E5D28C100216E5B /* main.m */ = {isa = PBXFileReference; fileEncoding = 4; lastKnownFileType = sourcecode.c.objc; path = main.m; sourceTree = "<group>"; };
		EA36CB1C1E5D294A00216E5B /* Info.plist */ = {isa = PBXFileReference; fileEncoding = 4; lastKnownFileType = text.plist.xml; path = Info.plist; sourceTree = "<group>"; };
		EA36CB331E5D2C9500216E5B /* MJExtension.h */ = {isa = PBXFileReference; fileEncoding = 4; lastKnownFileType = sourcecode.c.h; path = MJExtension.h; sourceTree = "<group>"; };
		EA36CB341E5D2C9500216E5B /* MJExtensionConst.h */ = {isa = PBXFileReference; fileEncoding = 4; lastKnownFileType = sourcecode.c.h; path = MJExtensionConst.h; sourceTree = "<group>"; };
		EA36CB351E5D2C9500216E5B /* MJExtensionConst.m */ = {isa = PBXFileReference; fileEncoding = 4; lastKnownFileType = sourcecode.c.objc; path = MJExtensionConst.m; sourceTree = "<group>"; };
		EA36CB361E5D2C9500216E5B /* MJFoundation.h */ = {isa = PBXFileReference; fileEncoding = 4; lastKnownFileType = sourcecode.c.h; path = MJFoundation.h; sourceTree = "<group>"; };
		EA36CB371E5D2C9500216E5B /* MJFoundation.m */ = {isa = PBXFileReference; fileEncoding = 4; lastKnownFileType = sourcecode.c.objc; path = MJFoundation.m; sourceTree = "<group>"; };
		EA36CB381E5D2C9500216E5B /* MJProperty.h */ = {isa = PBXFileReference; fileEncoding = 4; lastKnownFileType = sourcecode.c.h; path = MJProperty.h; sourceTree = "<group>"; };
		EA36CB391E5D2C9500216E5B /* MJProperty.m */ = {isa = PBXFileReference; fileEncoding = 4; lastKnownFileType = sourcecode.c.objc; path = MJProperty.m; sourceTree = "<group>"; };
		EA36CB3A1E5D2C9500216E5B /* MJPropertyKey.h */ = {isa = PBXFileReference; fileEncoding = 4; lastKnownFileType = sourcecode.c.h; path = MJPropertyKey.h; sourceTree = "<group>"; };
		EA36CB3B1E5D2C9500216E5B /* MJPropertyKey.m */ = {isa = PBXFileReference; fileEncoding = 4; lastKnownFileType = sourcecode.c.objc; path = MJPropertyKey.m; sourceTree = "<group>"; };
		EA36CB3C1E5D2C9500216E5B /* MJPropertyType.h */ = {isa = PBXFileReference; fileEncoding = 4; lastKnownFileType = sourcecode.c.h; path = MJPropertyType.h; sourceTree = "<group>"; };
		EA36CB3D1E5D2C9500216E5B /* MJPropertyType.m */ = {isa = PBXFileReference; fileEncoding = 4; lastKnownFileType = sourcecode.c.objc; path = MJPropertyType.m; sourceTree = "<group>"; };
		EA36CB3E1E5D2C9500216E5B /* NSObject+MJClass.h */ = {isa = PBXFileReference; fileEncoding = 4; lastKnownFileType = sourcecode.c.h; path = "NSObject+MJClass.h"; sourceTree = "<group>"; };
		EA36CB3F1E5D2C9500216E5B /* NSObject+MJClass.m */ = {isa = PBXFileReference; fileEncoding = 4; lastKnownFileType = sourcecode.c.objc; path = "NSObject+MJClass.m"; sourceTree = "<group>"; };
		EA36CB401E5D2C9500216E5B /* NSObject+MJCoding.h */ = {isa = PBXFileReference; fileEncoding = 4; lastKnownFileType = sourcecode.c.h; path = "NSObject+MJCoding.h"; sourceTree = "<group>"; };
		EA36CB411E5D2C9500216E5B /* NSObject+MJCoding.m */ = {isa = PBXFileReference; fileEncoding = 4; lastKnownFileType = sourcecode.c.objc; path = "NSObject+MJCoding.m"; sourceTree = "<group>"; };
		EA36CB421E5D2C9500216E5B /* NSObject+MJKeyValue.h */ = {isa = PBXFileReference; fileEncoding = 4; lastKnownFileType = sourcecode.c.h; path = "NSObject+MJKeyValue.h"; sourceTree = "<group>"; };
		EA36CB431E5D2C9500216E5B /* NSObject+MJKeyValue.m */ = {isa = PBXFileReference; fileEncoding = 4; lastKnownFileType = sourcecode.c.objc; path = "NSObject+MJKeyValue.m"; sourceTree = "<group>"; };
		EA36CB441E5D2C9500216E5B /* NSObject+MJProperty.h */ = {isa = PBXFileReference; fileEncoding = 4; lastKnownFileType = sourcecode.c.h; path = "NSObject+MJProperty.h"; sourceTree = "<group>"; };
		EA36CB451E5D2C9500216E5B /* NSObject+MJProperty.m */ = {isa = PBXFileReference; fileEncoding = 4; lastKnownFileType = sourcecode.c.objc; path = "NSObject+MJProperty.m"; sourceTree = "<group>"; };
		EA36CB461E5D2C9500216E5B /* NSString+MJExtension.h */ = {isa = PBXFileReference; fileEncoding = 4; lastKnownFileType = sourcecode.c.h; path = "NSString+MJExtension.h"; sourceTree = "<group>"; };
		EA36CB471E5D2C9500216E5B /* NSString+MJExtension.m */ = {isa = PBXFileReference; fileEncoding = 4; lastKnownFileType = sourcecode.c.objc; path = "NSString+MJExtension.m"; sourceTree = "<group>"; };
		EA36CB491E5D2C9500216E5B /* NSData+ImageContentType.h */ = {isa = PBXFileReference; fileEncoding = 4; lastKnownFileType = sourcecode.c.h; path = "NSData+ImageContentType.h"; sourceTree = "<group>"; };
		EA36CB4A1E5D2C9500216E5B /* NSData+ImageContentType.m */ = {isa = PBXFileReference; fileEncoding = 4; lastKnownFileType = sourcecode.c.objc; path = "NSData+ImageContentType.m"; sourceTree = "<group>"; };
		EA36CB4B1E5D2C9500216E5B /* SDImageCache.h */ = {isa = PBXFileReference; fileEncoding = 4; lastKnownFileType = sourcecode.c.h; path = SDImageCache.h; sourceTree = "<group>"; };
		EA36CB4C1E5D2C9500216E5B /* SDImageCache.m */ = {isa = PBXFileReference; fileEncoding = 4; lastKnownFileType = sourcecode.c.objc; path = SDImageCache.m; sourceTree = "<group>"; };
		EA36CB4D1E5D2C9500216E5B /* SDWebImageCompat.h */ = {isa = PBXFileReference; fileEncoding = 4; lastKnownFileType = sourcecode.c.h; path = SDWebImageCompat.h; sourceTree = "<group>"; };
		EA36CB4E1E5D2C9500216E5B /* SDWebImageCompat.m */ = {isa = PBXFileReference; fileEncoding = 4; lastKnownFileType = sourcecode.c.objc; path = SDWebImageCompat.m; sourceTree = "<group>"; };
		EA36CB4F1E5D2C9500216E5B /* SDWebImageDecoder.h */ = {isa = PBXFileReference; fileEncoding = 4; lastKnownFileType = sourcecode.c.h; path = SDWebImageDecoder.h; sourceTree = "<group>"; };
		EA36CB501E5D2C9500216E5B /* SDWebImageDecoder.m */ = {isa = PBXFileReference; fileEncoding = 4; lastKnownFileType = sourcecode.c.objc; path = SDWebImageDecoder.m; sourceTree = "<group>"; };
		EA36CB511E5D2C9500216E5B /* SDWebImageDownloader.h */ = {isa = PBXFileReference; fileEncoding = 4; lastKnownFileType = sourcecode.c.h; path = SDWebImageDownloader.h; sourceTree = "<group>"; };
		EA36CB521E5D2C9500216E5B /* SDWebImageDownloader.m */ = {isa = PBXFileReference; fileEncoding = 4; lastKnownFileType = sourcecode.c.objc; path = SDWebImageDownloader.m; sourceTree = "<group>"; };
		EA36CB531E5D2C9500216E5B /* SDWebImageDownloaderOperation.h */ = {isa = PBXFileReference; fileEncoding = 4; lastKnownFileType = sourcecode.c.h; path = SDWebImageDownloaderOperation.h; sourceTree = "<group>"; };
		EA36CB541E5D2C9500216E5B /* SDWebImageDownloaderOperation.m */ = {isa = PBXFileReference; fileEncoding = 4; lastKnownFileType = sourcecode.c.objc; path = SDWebImageDownloaderOperation.m; sourceTree = "<group>"; };
		EA36CB551E5D2C9500216E5B /* SDWebImageManager.h */ = {isa = PBXFileReference; fileEncoding = 4; lastKnownFileType = sourcecode.c.h; path = SDWebImageManager.h; sourceTree = "<group>"; };
		EA36CB561E5D2C9500216E5B /* SDWebImageManager.m */ = {isa = PBXFileReference; fileEncoding = 4; lastKnownFileType = sourcecode.c.objc; path = SDWebImageManager.m; sourceTree = "<group>"; };
		EA36CB571E5D2C9500216E5B /* SDWebImageOperation.h */ = {isa = PBXFileReference; fileEncoding = 4; lastKnownFileType = sourcecode.c.h; path = SDWebImageOperation.h; sourceTree = "<group>"; };
		EA36CB581E5D2C9500216E5B /* SDWebImagePrefetcher.h */ = {isa = PBXFileReference; fileEncoding = 4; lastKnownFileType = sourcecode.c.h; path = SDWebImagePrefetcher.h; sourceTree = "<group>"; };
		EA36CB591E5D2C9500216E5B /* SDWebImagePrefetcher.m */ = {isa = PBXFileReference; fileEncoding = 4; lastKnownFileType = sourcecode.c.objc; path = SDWebImagePrefetcher.m; sourceTree = "<group>"; };
		EA36CB5A1E5D2C9500216E5B /* UIButton+WebCache.h */ = {isa = PBXFileReference; fileEncoding = 4; lastKnownFileType = sourcecode.c.h; path = "UIButton+WebCache.h"; sourceTree = "<group>"; };
		EA36CB5B1E5D2C9500216E5B /* UIButton+WebCache.m */ = {isa = PBXFileReference; fileEncoding = 4; lastKnownFileType = sourcecode.c.objc; path = "UIButton+WebCache.m"; sourceTree = "<group>"; };
		EA36CB5C1E5D2C9500216E5B /* UIImage+GIF.h */ = {isa = PBXFileReference; fileEncoding = 4; lastKnownFileType = sourcecode.c.h; path = "UIImage+GIF.h"; sourceTree = "<group>"; };
		EA36CB5D1E5D2C9500216E5B /* UIImage+GIF.m */ = {isa = PBXFileReference; fileEncoding = 4; lastKnownFileType = sourcecode.c.objc; path = "UIImage+GIF.m"; sourceTree = "<group>"; };
		EA36CB5E1E5D2C9500216E5B /* UIImage+MultiFormat.h */ = {isa = PBXFileReference; fileEncoding = 4; lastKnownFileType = sourcecode.c.h; path = "UIImage+MultiFormat.h"; sourceTree = "<group>"; };
		EA36CB5F1E5D2C9500216E5B /* UIImage+MultiFormat.m */ = {isa = PBXFileReference; fileEncoding = 4; lastKnownFileType = sourcecode.c.objc; path = "UIImage+MultiFormat.m"; sourceTree = "<group>"; };
		EA36CB601E5D2C9500216E5B /* UIImageView+HighlightedWebCache.h */ = {isa = PBXFileReference; fileEncoding = 4; lastKnownFileType = sourcecode.c.h; path = "UIImageView+HighlightedWebCache.h"; sourceTree = "<group>"; };
		EA36CB611E5D2C9500216E5B /* UIImageView+HighlightedWebCache.m */ = {isa = PBXFileReference; fileEncoding = 4; lastKnownFileType = sourcecode.c.objc; path = "UIImageView+HighlightedWebCache.m"; sourceTree = "<group>"; };
		EA36CB621E5D2C9500216E5B /* UIImageView+WebCache.h */ = {isa = PBXFileReference; fileEncoding = 4; lastKnownFileType = sourcecode.c.h; path = "UIImageView+WebCache.h"; sourceTree = "<group>"; };
		EA36CB631E5D2C9500216E5B /* UIImageView+WebCache.m */ = {isa = PBXFileReference; fileEncoding = 4; lastKnownFileType = sourcecode.c.objc; path = "UIImageView+WebCache.m"; sourceTree = "<group>"; };
		EA36CB641E5D2C9500216E5B /* UIView+WebCacheOperation.h */ = {isa = PBXFileReference; fileEncoding = 4; lastKnownFileType = sourcecode.c.h; path = "UIView+WebCacheOperation.h"; sourceTree = "<group>"; };
		EA36CB651E5D2C9500216E5B /* UIView+WebCacheOperation.m */ = {isa = PBXFileReference; fileEncoding = 4; lastKnownFileType = sourcecode.c.objc; path = "UIView+WebCacheOperation.m"; sourceTree = "<group>"; };
		EA36CB7E1E5D2E3200216E5B /* ViewController.h */ = {isa = PBXFileReference; fileEncoding = 4; lastKnownFileType = sourcecode.c.h; name = ViewController.h; path = ../Controllers/ViewController.h; sourceTree = "<group>"; };
		EA36CB7F1E5D2E3200216E5B /* ViewController.m */ = {isa = PBXFileReference; fileEncoding = 4; lastKnownFileType = sourcecode.c.objc; name = ViewController.m; path = ../Controllers/ViewController.m; sourceTree = "<group>"; };
		EA36CB861E5D36CD00216E5B /* YSDota */ = {isa = PBXFileReference; fileEncoding = 4; lastKnownFileType = text; path = YSDota; sourceTree = "<group>"; };
		EA36CBED1E7256E400216E5B /* MKGoodsModel.h */ = {isa = PBXFileReference; fileEncoding = 4; lastKnownFileType = sourcecode.c.h; path = MKGoodsModel.h; sourceTree = "<group>"; };
		EA36CBEE1E7256E400216E5B /* MKGoodsModel.m */ = {isa = PBXFileReference; fileEncoding = 4; lastKnownFileType = sourcecode.c.objc; path = MKGoodsModel.m; sourceTree = "<group>"; };
		EA36CBEF1E7256E400216E5B /* MKOrderListModel.h */ = {isa = PBXFileReference; fileEncoding = 4; lastKnownFileType = sourcecode.c.h; path = MKOrderListModel.h; sourceTree = "<group>"; };
		EA36CBF01E7256E400216E5B /* MKOrderListModel.m */ = {isa = PBXFileReference; fileEncoding = 4; lastKnownFileType = sourcecode.c.objc; path = MKOrderListModel.m; sourceTree = "<group>"; };
		EA36CBF31E72571000216E5B /* MKShopCarController.h */ = {isa = PBXFileReference; fileEncoding = 4; lastKnownFileType = sourcecode.c.h; path = MKShopCarController.h; sourceTree = "<group>"; };
		EA36CBF41E72571000216E5B /* MKShopCarController.m */ = {isa = PBXFileReference; fileEncoding = 4; lastKnownFileType = sourcecode.c.objc; path = MKShopCarController.m; sourceTree = "<group>"; };
		EA36CBF61E72571C00216E5B /* MKHeaderFooterView.h */ = {isa = PBXFileReference; fileEncoding = 4; lastKnownFileType = sourcecode.c.h; path = MKHeaderFooterView.h; sourceTree = "<group>"; };
		EA36CBF71E72571C00216E5B /* MKHeaderFooterView.m */ = {isa = PBXFileReference; fileEncoding = 4; lastKnownFileType = sourcecode.c.objc; path = MKHeaderFooterView.m; sourceTree = "<group>"; };
		EA36CBF81E72571C00216E5B /* MKShopCarCell.h */ = {isa = PBXFileReference; fileEncoding = 4; lastKnownFileType = sourcecode.c.h; path = MKShopCarCell.h; sourceTree = "<group>"; };
		EA36CBF91E72571C00216E5B /* MKShopCarCell.m */ = {isa = PBXFileReference; fileEncoding = 4; lastKnownFileType = sourcecode.c.objc; path = MKShopCarCell.m; sourceTree = "<group>"; };
		EA36CBFA1E72571C00216E5B /* MKShopCarCell.xib */ = {isa = PBXFileReference; fileEncoding = 4; lastKnownFileType = file.xib; path = MKShopCarCell.xib; sourceTree = "<group>"; };
		EA36CC001E725AD000216E5B /* IQNSArray+Sort.h */ = {isa = PBXFileReference; fileEncoding = 4; lastKnownFileType = sourcecode.c.h; path = "IQNSArray+Sort.h"; sourceTree = "<group>"; };
		EA36CC011E725AD000216E5B /* IQNSArray+Sort.m */ = {isa = PBXFileReference; fileEncoding = 4; lastKnownFileType = sourcecode.c.objc; path = "IQNSArray+Sort.m"; sourceTree = "<group>"; };
		EA36CC021E725AD000216E5B /* IQUIScrollView+Additions.h */ = {isa = PBXFileReference; fileEncoding = 4; lastKnownFileType = sourcecode.c.h; path = "IQUIScrollView+Additions.h"; sourceTree = "<group>"; };
		EA36CC031E725AD000216E5B /* IQUIScrollView+Additions.m */ = {isa = PBXFileReference; fileEncoding = 4; lastKnownFileType = sourcecode.c.objc; path = "IQUIScrollView+Additions.m"; sourceTree = "<group>"; };
		EA36CC041E725AD000216E5B /* IQUITextFieldView+Additions.h */ = {isa = PBXFileReference; fileEncoding = 4; lastKnownFileType = sourcecode.c.h; path = "IQUITextFieldView+Additions.h"; sourceTree = "<group>"; };
		EA36CC051E725AD000216E5B /* IQUITextFieldView+Additions.m */ = {isa = PBXFileReference; fileEncoding = 4; lastKnownFileType = sourcecode.c.objc; path = "IQUITextFieldView+Additions.m"; sourceTree = "<group>"; };
		EA36CC061E725AD000216E5B /* IQUIView+Hierarchy.h */ = {isa = PBXFileReference; fileEncoding = 4; lastKnownFileType = sourcecode.c.h; path = "IQUIView+Hierarchy.h"; sourceTree = "<group>"; };
		EA36CC071E725AD000216E5B /* IQUIView+Hierarchy.m */ = {isa = PBXFileReference; fileEncoding = 4; lastKnownFileType = sourcecode.c.objc; path = "IQUIView+Hierarchy.m"; sourceTree = "<group>"; };
		EA36CC081E725AD000216E5B /* IQUIViewController+Additions.h */ = {isa = PBXFileReference; fileEncoding = 4; lastKnownFileType = sourcecode.c.h; path = "IQUIViewController+Additions.h"; sourceTree = "<group>"; };
		EA36CC091E725AD000216E5B /* IQUIViewController+Additions.m */ = {isa = PBXFileReference; fileEncoding = 4; lastKnownFileType = sourcecode.c.objc; path = "IQUIViewController+Additions.m"; sourceTree = "<group>"; };
		EA36CC0A1E725AD000216E5B /* IQUIWindow+Hierarchy.h */ = {isa = PBXFileReference; fileEncoding = 4; lastKnownFileType = sourcecode.c.h; path = "IQUIWindow+Hierarchy.h"; sourceTree = "<group>"; };
		EA36CC0B1E725AD000216E5B /* IQUIWindow+Hierarchy.m */ = {isa = PBXFileReference; fileEncoding = 4; lastKnownFileType = sourcecode.c.objc; path = "IQUIWindow+Hierarchy.m"; sourceTree = "<group>"; };
		EA36CC0D1E725AD000216E5B /* IQKeyboardManagerConstants.h */ = {isa = PBXFileReference; fileEncoding = 4; lastKnownFileType = sourcecode.c.h; path = IQKeyboardManagerConstants.h; sourceTree = "<group>"; };
		EA36CC0E1E725AD000216E5B /* IQKeyboardManagerConstantsInternal.h */ = {isa = PBXFileReference; fileEncoding = 4; lastKnownFileType = sourcecode.c.h; path = IQKeyboardManagerConstantsInternal.h; sourceTree = "<group>"; };
		EA36CC0F1E725AD000216E5B /* IQKeyboardManager.h */ = {isa = PBXFileReference; fileEncoding = 4; lastKnownFileType = sourcecode.c.h; path = IQKeyboardManager.h; sourceTree = "<group>"; };
		EA36CC101E725AD000216E5B /* IQKeyboardManager.m */ = {isa = PBXFileReference; fileEncoding = 4; lastKnownFileType = sourcecode.c.objc; path = IQKeyboardManager.m; sourceTree = "<group>"; };
		EA36CC111E725AD000216E5B /* IQKeyboardReturnKeyHandler.h */ = {isa = PBXFileReference; fileEncoding = 4; lastKnownFileType = sourcecode.c.h; path = IQKeyboardReturnKeyHandler.h; sourceTree = "<group>"; };
		EA36CC121E725AD000216E5B /* IQKeyboardReturnKeyHandler.m */ = {isa = PBXFileReference; fileEncoding = 4; lastKnownFileType = sourcecode.c.objc; path = IQKeyboardReturnKeyHandler.m; sourceTree = "<group>"; };
		EA36CC141E725AD000216E5B /* IQTextView.h */ = {isa = PBXFileReference; fileEncoding = 4; lastKnownFileType = sourcecode.c.h; path = IQTextView.h; sourceTree = "<group>"; };
		EA36CC151E725AD000216E5B /* IQTextView.m */ = {isa = PBXFileReference; fileEncoding = 4; lastKnownFileType = sourcecode.c.objc; path = IQTextView.m; sourceTree = "<group>"; };
		EA36CC171E725AD000216E5B /* IQBarButtonItem.h */ = {isa = PBXFileReference; fileEncoding = 4; lastKnownFileType = sourcecode.c.h; path = IQBarButtonItem.h; sourceTree = "<group>"; };
		EA36CC181E725AD000216E5B /* IQBarButtonItem.m */ = {isa = PBXFileReference; fileEncoding = 4; lastKnownFileType = sourcecode.c.objc; path = IQBarButtonItem.m; sourceTree = "<group>"; };
		EA36CC191E725AD000216E5B /* IQPreviousNextView.h */ = {isa = PBXFileReference; fileEncoding = 4; lastKnownFileType = sourcecode.c.h; path = IQPreviousNextView.h; sourceTree = "<group>"; };
		EA36CC1A1E725AD000216E5B /* IQPreviousNextView.m */ = {isa = PBXFileReference; fileEncoding = 4; lastKnownFileType = sourcecode.c.objc; path = IQPreviousNextView.m; sourceTree = "<group>"; };
		EA36CC1B1E725AD000216E5B /* IQTitleBarButtonItem.h */ = {isa = PBXFileReference; fileEncoding = 4; lastKnownFileType = sourcecode.c.h; path = IQTitleBarButtonItem.h; sourceTree = "<group>"; };
		EA36CC1C1E725AD000216E5B /* IQTitleBarButtonItem.m */ = {isa = PBXFileReference; fileEncoding = 4; lastKnownFileType = sourcecode.c.objc; path = IQTitleBarButtonItem.m; sourceTree = "<group>"; };
		EA36CC1D1E725AD000216E5B /* IQToolbar.h */ = {isa = PBXFileReference; fileEncoding = 4; lastKnownFileType = sourcecode.c.h; path = IQToolbar.h; sourceTree = "<group>"; };
		EA36CC1E1E725AD000216E5B /* IQToolbar.m */ = {isa = PBXFileReference; fileEncoding = 4; lastKnownFileType = sourcecode.c.objc; path = IQToolbar.m; sourceTree = "<group>"; };
		EA36CC1F1E725AD000216E5B /* IQUIView+IQKeyboardToolbar.h */ = {isa = PBXFileReference; fileEncoding = 4; lastKnownFileType = sourcecode.c.h; path = "IQUIView+IQKeyboardToolbar.h"; sourceTree = "<group>"; };
		EA36CC201E725AD000216E5B /* IQUIView+IQKeyboardToolbar.m */ = {isa = PBXFileReference; fileEncoding = 4; lastKnownFileType = sourcecode.c.objc; path = "IQUIView+IQKeyboardToolbar.m"; sourceTree = "<group>"; };
		EA36CC221E725AD000216E5B /* IQKeyboardManager.bundle */ = {isa = PBXFileReference; lastKnownFileType = "wrapper.plug-in"; path = IQKeyboardManager.bundle; sourceTree = "<group>"; };
/* End PBXFileReference section */

/* Begin PBXFrameworksBuildPhase section */
		EA36CAF21E5D27E400216E5B /* Frameworks */ = {
			isa = PBXFrameworksBuildPhase;
			buildActionMask = 2147483647;
			files = (
			);
			runOnlyForDeploymentPostprocessing = 0;
		};
/* End PBXFrameworksBuildPhase section */

/* Begin PBXGroup section */
		EA36CAEC1E5D27E400216E5B = {
			isa = PBXGroup;
			children = (
				EA36CAF71E5D27E400216E5B /* YSShoppingCar */,
				EA36CAF61E5D27E400216E5B /* Products */,
			);
			sourceTree = "<group>";
		};
		EA36CAF61E5D27E400216E5B /* Products */ = {
			isa = PBXGroup;
			children = (
				EA36CAF51E5D27E400216E5B /* YSShoppingCar.app */,
			);
			name = Products;
			sourceTree = "<group>";
		};
		EA36CAF71E5D27E400216E5B /* YSShoppingCar */ = {
			isa = PBXGroup;
			children = (
				EA36CB1C1E5D294A00216E5B /* Info.plist */,
				EA36CB0F1E5D28C100216E5B /* Classes */,
				EA36CB121E5D28C100216E5B /* Other */,
				EA36CB171E5D28C100216E5B /* ThirdLibs */,
				EA36CB011E5D27E400216E5B /* Main.storyboard */,
				EA36CB041E5D27E400216E5B /* Assets.xcassets */,
				EA36CB061E5D27E400216E5B /* LaunchScreen.storyboard */,
				EA36CAF81E5D27E400216E5B /* Supporting Files */,
			);
			path = YSShoppingCar;
			sourceTree = "<group>";
		};
		EA36CAF81E5D27E400216E5B /* Supporting Files */ = {
			isa = PBXGroup;
			children = (
			);
			name = "Supporting Files";
			sourceTree = "<group>";
		};
		EA36CB0F1E5D28C100216E5B /* Classes */ = {
			isa = PBXGroup;
			children = (
				EA36CB1E1E5D29F300216E5B /* Controllers */,
				EA36CB1F1E5D29F300216E5B /* Models */,
				EA36CB201E5D29F300216E5B /* Views */,
			);
			path = Classes;
			sourceTree = "<group>";
		};
		EA36CB121E5D28C100216E5B /* Other */ = {
			isa = PBXGroup;
			children = (
				EA36CB131E5D28C100216E5B /* AppDelegate.h */,
				EA36CB141E5D28C100216E5B /* AppDelegate.m */,
				EA36CB161E5D28C100216E5B /* main.m */,
				EA36CB861E5D36CD00216E5B /* YSDota */,
			);
			path = Other;
			sourceTree = "<group>";
		};
		EA36CB171E5D28C100216E5B /* ThirdLibs */ = {
			isa = PBXGroup;
			children = (
				EA36CBFE1E725AD000216E5B /* IQKeyboardManager */,
				EA36CB321E5D2C9500216E5B /* MJExtension */,
				EA36CB481E5D2C9500216E5B /* SDWebImage */,
			);
			path = ThirdLibs;
			sourceTree = "<group>";
		};
		EA36CB1E1E5D29F300216E5B /* Controllers */ = {
			isa = PBXGroup;
			children = (
				EA36CBF31E72571000216E5B /* MKShopCarController.h */,
				EA36CBF41E72571000216E5B /* MKShopCarController.m */,
			);
			path = Controllers;
			sourceTree = "<group>";
		};
		EA36CB1F1E5D29F300216E5B /* Models */ = {
			isa = PBXGroup;
			children = (
				EA36CBED1E7256E400216E5B /* MKGoodsModel.h */,
				EA36CBEE1E7256E400216E5B /* MKGoodsModel.m */,
				EA36CBEF1E7256E400216E5B /* MKOrderListModel.h */,
				EA36CBF01E7256E400216E5B /* MKOrderListModel.m */,
			);
			path = Models;
			sourceTree = "<group>";
		};
		EA36CB201E5D29F300216E5B /* Views */ = {
			isa = PBXGroup;
			children = (
				EA36CBF61E72571C00216E5B /* MKHeaderFooterView.h */,
				EA36CBF71E72571C00216E5B /* MKHeaderFooterView.m */,
				EA36CBF81E72571C00216E5B /* MKShopCarCell.h */,
				EA36CBF91E72571C00216E5B /* MKShopCarCell.m */,
				EA36CBFA1E72571C00216E5B /* MKShopCarCell.xib */,
				EA36CB7E1E5D2E3200216E5B /* ViewController.h */,
				EA36CB7F1E5D2E3200216E5B /* ViewController.m */,
			);
			path = Views;
			sourceTree = "<group>";
		};
		EA36CB321E5D2C9500216E5B /* MJExtension */ = {
			isa = PBXGroup;
			children = (
				EA36CB331E5D2C9500216E5B /* MJExtension.h */,
				EA36CB341E5D2C9500216E5B /* MJExtensionConst.h */,
				EA36CB351E5D2C9500216E5B /* MJExtensionConst.m */,
				EA36CB361E5D2C9500216E5B /* MJFoundation.h */,
				EA36CB371E5D2C9500216E5B /* MJFoundation.m */,
				EA36CB381E5D2C9500216E5B /* MJProperty.h */,
				EA36CB391E5D2C9500216E5B /* MJProperty.m */,
				EA36CB3A1E5D2C9500216E5B /* MJPropertyKey.h */,
				EA36CB3B1E5D2C9500216E5B /* MJPropertyKey.m */,
				EA36CB3C1E5D2C9500216E5B /* MJPropertyType.h */,
				EA36CB3D1E5D2C9500216E5B /* MJPropertyType.m */,
				EA36CB3E1E5D2C9500216E5B /* NSObject+MJClass.h */,
				EA36CB3F1E5D2C9500216E5B /* NSObject+MJClass.m */,
				EA36CB401E5D2C9500216E5B /* NSObject+MJCoding.h */,
				EA36CB411E5D2C9500216E5B /* NSObject+MJCoding.m */,
				EA36CB421E5D2C9500216E5B /* NSObject+MJKeyValue.h */,
				EA36CB431E5D2C9500216E5B /* NSObject+MJKeyValue.m */,
				EA36CB441E5D2C9500216E5B /* NSObject+MJProperty.h */,
				EA36CB451E5D2C9500216E5B /* NSObject+MJProperty.m */,
				EA36CB461E5D2C9500216E5B /* NSString+MJExtension.h */,
				EA36CB471E5D2C9500216E5B /* NSString+MJExtension.m */,
			);
			path = MJExtension;
			sourceTree = "<group>";
		};
		EA36CB481E5D2C9500216E5B /* SDWebImage */ = {
			isa = PBXGroup;
			children = (
				EA36CB491E5D2C9500216E5B /* NSData+ImageContentType.h */,
				EA36CB4A1E5D2C9500216E5B /* NSData+ImageContentType.m */,
				EA36CB4B1E5D2C9500216E5B /* SDImageCache.h */,
				EA36CB4C1E5D2C9500216E5B /* SDImageCache.m */,
				EA36CB4D1E5D2C9500216E5B /* SDWebImageCompat.h */,
				EA36CB4E1E5D2C9500216E5B /* SDWebImageCompat.m */,
				EA36CB4F1E5D2C9500216E5B /* SDWebImageDecoder.h */,
				EA36CB501E5D2C9500216E5B /* SDWebImageDecoder.m */,
				EA36CB511E5D2C9500216E5B /* SDWebImageDownloader.h */,
				EA36CB521E5D2C9500216E5B /* SDWebImageDownloader.m */,
				EA36CB531E5D2C9500216E5B /* SDWebImageDownloaderOperation.h */,
				EA36CB541E5D2C9500216E5B /* SDWebImageDownloaderOperation.m */,
				EA36CB551E5D2C9500216E5B /* SDWebImageManager.h */,
				EA36CB561E5D2C9500216E5B /* SDWebImageManager.m */,
				EA36CB571E5D2C9500216E5B /* SDWebImageOperation.h */,
				EA36CB581E5D2C9500216E5B /* SDWebImagePrefetcher.h */,
				EA36CB591E5D2C9500216E5B /* SDWebImagePrefetcher.m */,
				EA36CB5A1E5D2C9500216E5B /* UIButton+WebCache.h */,
				EA36CB5B1E5D2C9500216E5B /* UIButton+WebCache.m */,
				EA36CB5C1E5D2C9500216E5B /* UIImage+GIF.h */,
				EA36CB5D1E5D2C9500216E5B /* UIImage+GIF.m */,
				EA36CB5E1E5D2C9500216E5B /* UIImage+MultiFormat.h */,
				EA36CB5F1E5D2C9500216E5B /* UIImage+MultiFormat.m */,
				EA36CB601E5D2C9500216E5B /* UIImageView+HighlightedWebCache.h */,
				EA36CB611E5D2C9500216E5B /* UIImageView+HighlightedWebCache.m */,
				EA36CB621E5D2C9500216E5B /* UIImageView+WebCache.h */,
				EA36CB631E5D2C9500216E5B /* UIImageView+WebCache.m */,
				EA36CB641E5D2C9500216E5B /* UIView+WebCacheOperation.h */,
				EA36CB651E5D2C9500216E5B /* UIView+WebCacheOperation.m */,
			);
			path = SDWebImage;
			sourceTree = "<group>";
		};
		EA36CBFE1E725AD000216E5B /* IQKeyboardManager */ = {
			isa = PBXGroup;
			children = (
				EA36CBFF1E725AD000216E5B /* Categories */,
				EA36CC0C1E725AD000216E5B /* Constants */,
				EA36CC0F1E725AD000216E5B /* IQKeyboardManager.h */,
				EA36CC101E725AD000216E5B /* IQKeyboardManager.m */,
				EA36CC111E725AD000216E5B /* IQKeyboardReturnKeyHandler.h */,
				EA36CC121E725AD000216E5B /* IQKeyboardReturnKeyHandler.m */,
				EA36CC131E725AD000216E5B /* IQTextView */,
				EA36CC161E725AD000216E5B /* IQToolbar */,
				EA36CC211E725AD000216E5B /* Resources */,
			);
			path = IQKeyboardManager;
			sourceTree = "<group>";
		};
		EA36CBFF1E725AD000216E5B /* Categories */ = {
			isa = PBXGroup;
			children = (
				EA36CC001E725AD000216E5B /* IQNSArray+Sort.h */,
				EA36CC011E725AD000216E5B /* IQNSArray+Sort.m */,
				EA36CC021E725AD000216E5B /* IQUIScrollView+Additions.h */,
				EA36CC031E725AD000216E5B /* IQUIScrollView+Additions.m */,
				EA36CC041E725AD000216E5B /* IQUITextFieldView+Additions.h */,
				EA36CC051E725AD000216E5B /* IQUITextFieldView+Additions.m */,
				EA36CC061E725AD000216E5B /* IQUIView+Hierarchy.h */,
				EA36CC071E725AD000216E5B /* IQUIView+Hierarchy.m */,
				EA36CC081E725AD000216E5B /* IQUIViewController+Additions.h */,
				EA36CC091E725AD000216E5B /* IQUIViewController+Additions.m */,
				EA36CC0A1E725AD000216E5B /* IQUIWindow+Hierarchy.h */,
				EA36CC0B1E725AD000216E5B /* IQUIWindow+Hierarchy.m */,
			);
			path = Categories;
			sourceTree = "<group>";
		};
		EA36CC0C1E725AD000216E5B /* Constants */ = {
			isa = PBXGroup;
			children = (
				EA36CC0D1E725AD000216E5B /* IQKeyboardManagerConstants.h */,
				EA36CC0E1E725AD000216E5B /* IQKeyboardManagerConstantsInternal.h */,
			);
			path = Constants;
			sourceTree = "<group>";
		};
		EA36CC131E725AD000216E5B /* IQTextView */ = {
			isa = PBXGroup;
			children = (
				EA36CC141E725AD000216E5B /* IQTextView.h */,
				EA36CC151E725AD000216E5B /* IQTextView.m */,
			);
			path = IQTextView;
			sourceTree = "<group>";
		};
		EA36CC161E725AD000216E5B /* IQToolbar */ = {
			isa = PBXGroup;
			children = (
				EA36CC171E725AD000216E5B /* IQBarButtonItem.h */,
				EA36CC181E725AD000216E5B /* IQBarButtonItem.m */,
				EA36CC191E725AD000216E5B /* IQPreviousNextView.h */,
				EA36CC1A1E725AD000216E5B /* IQPreviousNextView.m */,
				EA36CC1B1E725AD000216E5B /* IQTitleBarButtonItem.h */,
				EA36CC1C1E725AD000216E5B /* IQTitleBarButtonItem.m */,
				EA36CC1D1E725AD000216E5B /* IQToolbar.h */,
				EA36CC1E1E725AD000216E5B /* IQToolbar.m */,
				EA36CC1F1E725AD000216E5B /* IQUIView+IQKeyboardToolbar.h */,
				EA36CC201E725AD000216E5B /* IQUIView+IQKeyboardToolbar.m */,
			);
			path = IQToolbar;
			sourceTree = "<group>";
		};
		EA36CC211E725AD000216E5B /* Resources */ = {
			isa = PBXGroup;
			children = (
				EA36CC221E725AD000216E5B /* IQKeyboardManager.bundle */,
			);
			path = Resources;
			sourceTree = "<group>";
		};
/* End PBXGroup section */

/* Begin PBXNativeTarget section */
		EA36CAF41E5D27E400216E5B /* YSShoppingCar */ = {
			isa = PBXNativeTarget;
			buildConfigurationList = EA36CB0C1E5D27E400216E5B /* Build configuration list for PBXNativeTarget "YSShoppingCar" */;
			buildPhases = (
				EA36CAF11E5D27E400216E5B /* Sources */,
				EA36CAF21E5D27E400216E5B /* Frameworks */,
				EA36CAF31E5D27E400216E5B /* Resources */,
			);
			buildRules = (
			);
			dependencies = (
			);
			name = YSShoppingCar;
			productName = YSShoppingCar;
			productReference = EA36CAF51E5D27E400216E5B /* YSShoppingCar.app */;
			productType = "com.apple.product-type.application";
		};
/* End PBXNativeTarget section */

/* Begin PBXProject section */
		EA36CAED1E5D27E400216E5B /* Project object */ = {
			isa = PBXProject;
			attributes = {
				LastUpgradeCheck = 0820;
				ORGANIZATIONNAME = meilun;
				TargetAttributes = {
					EA36CAF41E5D27E400216E5B = {
						CreatedOnToolsVersion = 8.2.1;
						DevelopmentTeam = FD94QXRGNG;
						ProvisioningStyle = Automatic;
					};
				};
			};
			buildConfigurationList = EA36CAF01E5D27E400216E5B /* Build configuration list for PBXProject "YSShoppingCar" */;
			compatibilityVersion = "Xcode 3.2";
			developmentRegion = English;
			hasScannedForEncodings = 0;
			knownRegions = (
				en,
				Base,
			);
			mainGroup = EA36CAEC1E5D27E400216E5B;
			productRefGroup = EA36CAF61E5D27E400216E5B /* Products */;
			projectDirPath = "";
			projectRoot = "";
			targets = (
				EA36CAF41E5D27E400216E5B /* YSShoppingCar */,
			);
		};
/* End PBXProject section */

/* Begin PBXResourcesBuildPhase section */
		EA36CAF31E5D27E400216E5B /* Resources */ = {
			isa = PBXResourcesBuildPhase;
			buildActionMask = 2147483647;
			files = (
				EA36CB871E5D36CD00216E5B /* YSDota in Resources */,
				EA36CB1D1E5D294A00216E5B /* Info.plist in Resources */,
				EA36CBFD1E72571C00216E5B /* MKShopCarCell.xib in Resources */,
				EA36CB081E5D27E400216E5B /* LaunchScreen.storyboard in Resources */,
				EA36CC311E725AD000216E5B /* IQKeyboardManager.bundle in Resources */,
				EA36CB051E5D27E400216E5B /* Assets.xcassets in Resources */,
				EA36CB031E5D27E400216E5B /* Main.storyboard in Resources */,
			);
			runOnlyForDeploymentPostprocessing = 0;
		};
/* End PBXResourcesBuildPhase section */

/* Begin PBXSourcesBuildPhase section */
		EA36CAF11E5D27E400216E5B /* Sources */ = {
			isa = PBXSourcesBuildPhase;
			buildActionMask = 2147483647;
			files = (
				EA36CB791E5D2C9500216E5B /* UIImage+GIF.m in Sources */,
				EA36CB6C1E5D2C9500216E5B /* NSObject+MJCoding.m in Sources */,
				EA36CB7C1E5D2C9500216E5B /* UIImageView+WebCache.m in Sources */,
				EA36CB661E5D2C9500216E5B /* MJExtensionConst.m in Sources */,
				EA36CC251E725AD000216E5B /* IQUITextFieldView+Additions.m in Sources */,
				EA36CC2F1E725AD000216E5B /* IQToolbar.m in Sources */,
				EA36CBF51E72571000216E5B /* MKShopCarController.m in Sources */,
				EA36CB6B1E5D2C9500216E5B /* NSObject+MJClass.m in Sources */,
				EA36CB691E5D2C9500216E5B /* MJPropertyKey.m in Sources */,
				EA36CC2C1E725AD000216E5B /* IQBarButtonItem.m in Sources */,
				EA36CC2E1E725AD000216E5B /* IQTitleBarButtonItem.m in Sources */,
				EA36CB701E5D2C9500216E5B /* NSData+ImageContentType.m in Sources */,
				EA36CB191E5D28C100216E5B /* AppDelegate.m in Sources */,
				EA36CB731E5D2C9500216E5B /* SDWebImageDecoder.m in Sources */,
				EA36CB801E5D2E3200216E5B /* ViewController.m in Sources */,
				EA36CB681E5D2C9500216E5B /* MJProperty.m in Sources */,
				EA36CB7D1E5D2C9500216E5B /* UIView+WebCacheOperation.m in Sources */,
				EA36CB781E5D2C9500216E5B /* UIButton+WebCache.m in Sources */,
				EA36CBF21E7256E400216E5B /* MKOrderListModel.m in Sources */,
				EA36CC261E725AD000216E5B /* IQUIView+Hierarchy.m in Sources */,
				EA36CB761E5D2C9500216E5B /* SDWebImageManager.m in Sources */,
				EA36CC271E725AD000216E5B /* IQUIViewController+Additions.m in Sources */,
				EA36CB671E5D2C9500216E5B /* MJFoundation.m in Sources */,
				EA36CB1B1E5D28C100216E5B /* main.m in Sources */,
				EA36CC281E725AD000216E5B /* IQUIWindow+Hierarchy.m in Sources */,
				EA36CBFC1E72571C00216E5B /* MKShopCarCell.m in Sources */,
				EA36CB6A1E5D2C9500216E5B /* MJPropertyType.m in Sources */,
				EA36CB741E5D2C9500216E5B /* SDWebImageDownloader.m in Sources */,
				EA36CC2A1E725AD000216E5B /* IQKeyboardReturnKeyHandler.m in Sources */,
				EA36CC301E725AD000216E5B /* IQUIView+IQKeyboardToolbar.m in Sources */,
				EA36CC2D1E725AD000216E5B /* IQPreviousNextView.m in Sources */,
				EA36CC231E725AD000216E5B /* IQNSArray+Sort.m in Sources */,
				EA36CC2B1E725AD000216E5B /* IQTextView.m in Sources */,
				EA36CB771E5D2C9500216E5B /* SDWebImagePrefetcher.m in Sources */,
				EA36CB7B1E5D2C9500216E5B /* UIImageView+HighlightedWebCache.m in Sources */,
				EA36CB711E5D2C9500216E5B /* SDImageCache.m in Sources */,
				EA36CB751E5D2C9500216E5B /* SDWebImageDownloaderOperation.m in Sources */,
				EA36CB6D1E5D2C9500216E5B /* NSObject+MJKeyValue.m in Sources */,
				EA36CB6F1E5D2C9500216E5B /* NSString+MJExtension.m in Sources */,
				EA36CBFB1E72571C00216E5B /* MKHeaderFooterView.m in Sources */,
				EA36CB7A1E5D2C9500216E5B /* UIImage+MultiFormat.m in Sources */,
				EA36CBF11E7256E400216E5B /* MKGoodsModel.m in Sources */,
				EA36CC241E725AD000216E5B /* IQUIScrollView+Additions.m in Sources */,
				EA36CC291E725AD000216E5B /* IQKeyboardManager.m in Sources */,
				EA36CB721E5D2C9500216E5B /* SDWebImageCompat.m in Sources */,
				EA36CB6E1E5D2C9500216E5B /* NSObject+MJProperty.m in Sources */,
			);
			runOnlyForDeploymentPostprocessing = 0;
		};
/* End PBXSourcesBuildPhase section */

/* Begin PBXVariantGroup section */
		EA36CB011E5D27E400216E5B /* Main.storyboard */ = {
			isa = PBXVariantGroup;
			children = (
				EA36CB021E5D27E400216E5B /* Base */,
			);
			name = Main.storyboard;
			sourceTree = "<group>";
		};
		EA36CB061E5D27E400216E5B /* LaunchScreen.storyboard */ = {
			isa = PBXVariantGroup;
			children = (
				EA36CB071E5D27E400216E5B /* Base */,
			);
			name = LaunchScreen.storyboard;
			sourceTree = "<group>";
		};
/* End PBXVariantGroup section */

/* Begin XCBuildConfiguration section */
		EA36CB0A1E5D27E400216E5B /* Debug */ = {
			isa = XCBuildConfiguration;
			buildSettings = {
				ALWAYS_SEARCH_USER_PATHS = NO;
				CLANG_ANALYZER_NONNULL = YES;
				CLANG_CXX_LANGUAGE_STANDARD = "gnu++0x";
				CLANG_CXX_LIBRARY = "libc++";
				CLANG_ENABLE_MODULES = YES;
				CLANG_ENABLE_OBJC_ARC = YES;
				CLANG_WARN_BOOL_CONVERSION = YES;
				CLANG_WARN_CONSTANT_CONVERSION = YES;
				CLANG_WARN_DIRECT_OBJC_ISA_USAGE = YES_ERROR;
				CLANG_WARN_DOCUMENTATION_COMMENTS = YES;
				CLANG_WARN_EMPTY_BODY = YES;
				CLANG_WARN_ENUM_CONVERSION = YES;
				CLANG_WARN_INFINITE_RECURSION = YES;
				CLANG_WARN_INT_CONVERSION = YES;
				CLANG_WARN_OBJC_ROOT_CLASS = YES_ERROR;
				CLANG_WARN_SUSPICIOUS_MOVE = YES;
				CLANG_WARN_UNREACHABLE_CODE = YES;
				CLANG_WARN__DUPLICATE_METHOD_MATCH = YES;
				"CODE_SIGN_IDENTITY[sdk=iphoneos*]" = "iPhone Developer";
				COPY_PHASE_STRIP = NO;
				DEBUG_INFORMATION_FORMAT = dwarf;
				ENABLE_STRICT_OBJC_MSGSEND = YES;
				ENABLE_TESTABILITY = YES;
				GCC_C_LANGUAGE_STANDARD = gnu99;
				GCC_DYNAMIC_NO_PIC = NO;
				GCC_NO_COMMON_BLOCKS = YES;
				GCC_OPTIMIZATION_LEVEL = 0;
				GCC_PREPROCESSOR_DEFINITIONS = (
					"DEBUG=1",
					"$(inherited)",
				);
				GCC_WARN_64_TO_32_BIT_CONVERSION = YES;
				GCC_WARN_ABOUT_RETURN_TYPE = YES_ERROR;
				GCC_WARN_UNDECLARED_SELECTOR = YES;
				GCC_WARN_UNINITIALIZED_AUTOS = YES_AGGRESSIVE;
				GCC_WARN_UNUSED_FUNCTION = YES;
				GCC_WARN_UNUSED_VARIABLE = YES;
				IPHONEOS_DEPLOYMENT_TARGET = 10.2;
				MTL_ENABLE_DEBUG_INFO = YES;
				ONLY_ACTIVE_ARCH = YES;
				SDKROOT = iphoneos;
			};
			name = Debug;
		};
		EA36CB0B1E5D27E400216E5B /* Release */ = {
			isa = XCBuildConfiguration;
			buildSettings = {
				ALWAYS_SEARCH_USER_PATHS = NO;
				CLANG_ANALYZER_NONNULL = YES;
				CLANG_CXX_LANGUAGE_STANDARD = "gnu++0x";
				CLANG_CXX_LIBRARY = "libc++";
				CLANG_ENABLE_MODULES = YES;
				CLANG_ENABLE_OBJC_ARC = YES;
				CLANG_WARN_BOOL_CONVERSION = YES;
				CLANG_WARN_CONSTANT_CONVERSION = YES;
				CLANG_WARN_DIRECT_OBJC_ISA_USAGE = YES_ERROR;
				CLANG_WARN_DOCUMENTATION_COMMENTS = YES;
				CLANG_WARN_EMPTY_BODY = YES;
				CLANG_WARN_ENUM_CONVERSION = YES;
				CLANG_WARN_INFINITE_RECURSION = YES;
				CLANG_WARN_INT_CONVERSION = YES;
				CLANG_WARN_OBJC_ROOT_CLASS = YES_ERROR;
				CLANG_WARN_SUSPICIOUS_MOVE = YES;
				CLANG_WARN_UNREACHABLE_CODE = YES;
				CLANG_WARN__DUPLICATE_METHOD_MATCH = YES;
				"CODE_SIGN_IDENTITY[sdk=iphoneos*]" = "iPhone Developer";
				COPY_PHASE_STRIP = NO;
				DEBUG_INFORMATION_FORMAT = "dwarf-with-dsym";
				ENABLE_NS_ASSERTIONS = NO;
				ENABLE_STRICT_OBJC_MSGSEND = YES;
				GCC_C_LANGUAGE_STANDARD = gnu99;
				GCC_NO_COMMON_BLOCKS = YES;
				GCC_WARN_64_TO_32_BIT_CONVERSION = YES;
				GCC_WARN_ABOUT_RETURN_TYPE = YES_ERROR;
				GCC_WARN_UNDECLARED_SELECTOR = YES;
				GCC_WARN_UNINITIALIZED_AUTOS = YES_AGGRESSIVE;
				GCC_WARN_UNUSED_FUNCTION = YES;
				GCC_WARN_UNUSED_VARIABLE = YES;
				IPHONEOS_DEPLOYMENT_TARGET = 10.2;
				MTL_ENABLE_DEBUG_INFO = NO;
				SDKROOT = iphoneos;
				VALIDATE_PRODUCT = YES;
			};
			name = Release;
		};
		EA36CB0D1E5D27E400216E5B /* Debug */ = {
			isa = XCBuildConfiguration;
			buildSettings = {
				ASSETCATALOG_COMPILER_APPICON_NAME = AppIcon;
				DEVELOPMENT_TEAM = FD94QXRGNG;
				INFOPLIST_FILE = YSShoppingCar/Info.plist;
				LD_RUNPATH_SEARCH_PATHS = "$(inherited) @executable_path/Frameworks";
				PRODUCT_BUNDLE_IDENTIFIER = cn.meilunkeji.net.YSShoppingCar;
				PRODUCT_NAME = "$(TARGET_NAME)";
			};
			name = Debug;
		};
		EA36CB0E1E5D27E400216E5B /* Release */ = {
			isa = XCBuildConfiguration;
			buildSettings = {
				ASSETCATALOG_COMPILER_APPICON_NAME = AppIcon;
				DEVELOPMENT_TEAM = FD94QXRGNG;
				INFOPLIST_FILE = YSShoppingCar/Info.plist;
				LD_RUNPATH_SEARCH_PATHS = "$(inherited) @executable_path/Frameworks";
				PRODUCT_BUNDLE_IDENTIFIER = cn.meilunkeji.net.YSShoppingCar;
				PRODUCT_NAME = "$(TARGET_NAME)";
			};
			name = Release;
		};
/* End XCBuildConfiguration section */

/* Begin XCConfigurationList section */
		EA36CAF01E5D27E400216E5B /* Build configuration list for PBXProject "YSShoppingCar" */ = {
			isa = XCConfigurationList;
			buildConfigurations = (
				EA36CB0A1E5D27E400216E5B /* Debug */,
				EA36CB0B1E5D27E400216E5B /* Release */,
			);
			defaultConfigurationIsVisible = 0;
			defaultConfigurationName = Release;
		};
		EA36CB0C1E5D27E400216E5B /* Build configuration list for PBXNativeTarget "YSShoppingCar" */ = {
			isa = XCConfigurationList;
			buildConfigurations = (
				EA36CB0D1E5D27E400216E5B /* Debug */,
				EA36CB0E1E5D27E400216E5B /* Release */,
			);
			defaultConfigurationIsVisible = 0;
			defaultConfigurationName = Release;
		};
/* End XCConfigurationList section */
	};
	rootObject = EA36CAED1E5D27E400216E5B /* Project object */;
}
